
Microsoft Visual Studio Solution File, Format Version 12.00
# Visual Studio Version 16
VisualStudioVersion = 16.0.32510.428
MinimumVisualStudioVersion = 10.0.40219.1
Project("{FAE04EC0-301F-11D3-BF4B-00C04F79EFBC}") = "RepoPostgrSQL", "RepoPostgrSQL\RepoPostgrSQL.csproj", "{164F589F-BEF3-4FE2-977B-804EC52D099F}"
EndProject
Global
	GlobalSection(SolutionConfigurationPlatforms) = preSolution
		Debug|Any CPU = Debug|Any CPU
		Release|Any CPU = Release|Any CPU
	EndGlobalSection
	GlobalSection(ProjectConfigurationPlatforms) = postSolution
		{164F589F-BEF3-4FE2-977B-804EC52D099F}.Debug|Any CPU.ActiveCfg = Debug|Any CPU
		{164F589F-BEF3-4FE2-977B-804EC52D099F}.Debug|Any CPU.Build.0 = Debug|Any CPU
		{164F589F-BEF3-4FE2-977B-804EC52D099F}.Release|Any CPU.ActiveCfg = Release|Any CPU
		{164F589F-BEF3-4FE2-977B-804EC52D099F}.Release|Any CPU.Build.0 = Release|Any CPU
	EndGlobalSection
	GlobalSection(SolutionProperties) = preSolution
		HideSolutionNode = FALSE
	EndGlobalSection
	GlobalSection(ExtensibilityGlobals) = postSolution
		SolutionGuid = {4E1EF48D-15C1-4DB4-886C-A4C7839C483B}
	EndGlobalSection
EndGlobal
